// !$*UTF8*$!
{
	archiveVersion = 1;
	classes = {
	};
	objectVersion = 46;
	objects = {

/* Begin PBXBuildFile section */
		97AE49B31A4C6846001E8AD0 /* AppDelegate.swift in Sources */ = {isa = PBXBuildFile; fileRef = 97AE49B21A4C6846001E8AD0 /* AppDelegate.swift */; };
		97AE49B51A4C6846001E8AD0 /* ViewController.swift in Sources */ = {isa = PBXBuildFile; fileRef = 97AE49B41A4C6846001E8AD0 /* ViewController.swift */; };
		97AE49B81A4C6846001E8AD0 /* Main.storyboard in Resources */ = {isa = PBXBuildFile; fileRef = 97AE49B61A4C6846001E8AD0 /* Main.storyboard */; };
		97AE49BA1A4C6846001E8AD0 /* Images.xcassets in Resources */ = {isa = PBXBuildFile; fileRef = 97AE49B91A4C6846001E8AD0 /* Images.xcassets */; };
		97AE49BD1A4C6846001E8AD0 /* LaunchScreen.xib in Resources */ = {isa = PBXBuildFile; fileRef = 97AE49BB1A4C6846001E8AD0 /* LaunchScreen.xib */; };
		97AE49C91A4C6846001E8AD0 /* LemonadeStandv2Tests.swift in Sources */ = {isa = PBXBuildFile; fileRef = 97AE49C81A4C6846001E8AD0 /* LemonadeStandv2Tests.swift */; };
/* End PBXBuildFile section */

/* Begin PBXContainerItemProxy section */
		97AE49C31A4C6846001E8AD0 /* PBXContainerItemProxy */ = {
			isa = PBXContainerItemProxy;
			containerPortal = 97AE49A51A4C6846001E8AD0 /* Project object */;
			proxyType = 1;
			remoteGlobalIDString = 97AE49AC1A4C6846001E8AD0;
			remoteInfo = LemonadeStandv2;
		};
/* End PBXContainerItemProxy section */

/* Begin PBXFileReference section */
		97AE49AD1A4C6846001E8AD0 /* LemonadeStandv2.app */ = {isa = PBXFileReference; explicitFileType = wrapper.application; includeInIndex = 0; path = LemonadeStandv2.app; sourceTree = BUILT_PRODUCTS_DIR; };
		97AE49B11A4C6846001E8AD0 /* Info.plist */ = {isa = PBXFileReference; lastKnownFileType = text.plist.xml; path = Info.plist; sourceTree = "<group>"; };
		97AE49B21A4C6846001E8AD0 /* AppDelegate.swift */ = {isa = PBXFileReference; lastKnownFileType = sourcecode.swift; path = AppDelegate.swift; sourceTree = "<group>"; };
		97AE49B41A4C6846001E8AD0 /* ViewController.swift */ = {isa = PBXFileReference; lastKnownFileType = sourcecode.swift; path = ViewController.swift; sourceTree = "<group>"; };
		97AE49B71A4C6846001E8AD0 /* Base */ = {isa = PBXFileReference; lastKnownFileType = file.storyboard; name = Base; path = Base.lproj/Main.storyboard; sourceTree = "<group>"; };
		97AE49B91A4C6846001E8AD0 /* Images.xcassets */ = {isa = PBXFileReference; lastKnownFileType = folder.assetcatalog; path = Images.xcassets; sourceTree = "<group>"; };
		97AE49BC1A4C6846001E8AD0 /* Base */ = {isa = PBXFileReference; lastKnownFileType = file.xib; name = Base; path = Base.lproj/LaunchScreen.xib; sourceTree = "<group>"; };
		97AE49C21A4C6846001E8AD0 /* LemonadeStandv2Tests.xctest */ = {isa = PBXFileReference; explicitFileType = wrapper.cfbundle; includeInIndex = 0; path = LemonadeStandv2Tests.xctest; sourceTree = BUILT_PRODUCTS_DIR; };
		97AE49C71A4C6846001E8AD0 /* Info.plist */ = {isa = PBXFileReference; lastKnownFileType = text.plist.xml; path = Info.plist; sourceTree = "<group>"; };
		97AE49C81A4C6846001E8AD0 /* LemonadeStandv2Tests.swift */ = {isa = PBXFileReference; lastKnownFileType = sourcecode.swift; path = LemonadeStandv2Tests.swift; sourceTree = "<group>"; };
/* End PBXFileReference section */

/* Begin PBXFrameworksBuildPhase section */
		97AE49AA1A4C6846001E8AD0 /* Frameworks */ = {
			isa = PBXFrameworksBuildPhase;
			buildActionMask = 2147483647;
			files = (
			);
			runOnlyForDeploymentPostprocessing = 0;
		};
		97AE49BF1A4C6846001E8AD0 /* Frameworks */ = {
			isa = PBXFrameworksBuildPhase;
			buildActionMask = 2147483647;
			files = (
			);
			runOnlyForDeploymentPostprocessing = 0;
		};
/* End PBXFrameworksBuildPhase section */

/* Begin PBXGroup section */
		97AE49A41A4C6846001E8AD0 = {
			isa = PBXGroup;
			children = (
				97AE49AF1A4C6846001E8AD0 /* LemonadeStandv2 */,
				97AE49C51A4C6846001E8AD0 /* LemonadeStandv2Tests */,
				97AE49AE1A4C6846001E8AD0 /* Products */,
			);
			sourceTree = "<group>";
		};
		97AE49AE1A4C6846001E8AD0 /* Products */ = {
			isa = PBXGroup;
			children = (
				97AE49AD1A4C6846001E8AD0 /* LemonadeStandv2.app */,
				97AE49C21A4C6846001E8AD0 /* LemonadeStandv2Tests.xctest */,
			);
			name = Products;
			sourceTree = "<group>";
		};
		97AE49AF1A4C6846001E8AD0 /* LemonadeStandv2 */ = {
			isa = PBXGroup;
			children = (
				97AE49B21A4C6846001E8AD0 /* AppDelegate.swift */,
				97AE49B41A4C6846001E8AD0 /* ViewController.swift */,
				97AE49B61A4C6846001E8AD0 /* Main.storyboard */,
				97AE49B91A4C6846001E8AD0 /* Images.xcassets */,
				97AE49BB1A4C6846001E8AD0 /* LaunchScreen.xib */,
				97AE49B01A4C6846001E8AD0 /* Supporting Files */,
			);
			path = LemonadeStandv2;
			sourceTree = "<group>";
		};
		97AE49B01A4C6846001E8AD0 /* Supporting Files */ = {
			isa = PBXGroup;
			children = (
				97AE49B11A4C6846001E8AD0 /* Info.plist */,
			);
			name = "Supporting Files";
			sourceTree = "<group>";
		};
		97AE49C51A4C6846001E8AD0 /* LemonadeStandv2Tests */ = {
			isa = PBXGroup;
			children = (
				97AE49C81A4C6846001E8AD0 /* LemonadeStandv2Tests.swift */,
				97AE49C61A4C6846001E8AD0 /* Supporting Files */,
			);
			path = LemonadeStandv2Tests;
			sourceTree = "<group>";
		};
		97AE49C61A4C6846001E8AD0 /* Supporting Files */ = {
			isa = PBXGroup;
			children = (
				97AE49C71A4C6846001E8AD0 /* Info.plist */,
			);
			name = "Supporting Files";
			sourceTree = "<group>";
		};
/* End PBXGroup section */

/* Begin PBXNativeTarget section */
		97AE49AC1A4C6846001E8AD0 /* LemonadeStandv2 */ = {
			isa = PBXNativeTarget;
			buildConfigurationList = 97AE49CC1A4C6846001E8AD0 /* Build configuration list for PBXNativeTarget "LemonadeStandv2" */;
			buildPhases = (
				97AE49A91A4C6846001E8AD0 /* Sources */,
				97AE49AA1A4C6846001E8AD0 /* Frameworks */,
				97AE49AB1A4C6846001E8AD0 /* Resources */,
			);
			buildRules = (
			);
			dependencies = (
			);
			name = LemonadeStandv2;
			productName = LemonadeStandv2;
			productReference = 97AE49AD1A4C6846001E8AD0 /* LemonadeStandv2.app */;
			productType = "com.apple.product-type.application";
		};
		97AE49C11A4C6846001E8AD0 /* LemonadeStandv2Tests */ = {
			isa = PBXNativeTarget;
			buildConfigurationList = 97AE49CF1A4C6846001E8AD0 /* Build configuration list for PBXNativeTarget "LemonadeStandv2Tests" */;
			buildPhases = (
				97AE49BE1A4C6846001E8AD0 /* Sources */,
				97AE49BF1A4C6846001E8AD0 /* Frameworks */,
				97AE49C01A4C6846001E8AD0 /* Resources */,
			);
			buildRules = (
			);
			dependencies = (
				97AE49C41A4C6846001E8AD0 /* PBXTargetDependency */,
			);
			name = LemonadeStandv2Tests;
			productName = LemonadeStandv2Tests;
			productReference = 97AE49C21A4C6846001E8AD0 /* LemonadeStandv2Tests.xctest */;
			productType = "com.apple.product-type.bundle.unit-test";
		};
/* End PBXNativeTarget section */

/* Begin PBXProject section */
		97AE49A51A4C6846001E8AD0 /* Project object */ = {
			isa = PBXProject;
			attributes = {
				LastUpgradeCheck = 0610;
				ORGANIZATIONNAME = "Addo Labs";
				TargetAttributes = {
					97AE49AC1A4C6846001E8AD0 = {
						CreatedOnToolsVersion = 6.1.1;
					};
					97AE49C11A4C6846001E8AD0 = {
						CreatedOnToolsVersion = 6.1.1;
						TestTargetID = 97AE49AC1A4C6846001E8AD0;
					};
				};
			};
			buildConfigurationList = 97AE49A81A4C6846001E8AD0 /* Build configuration list for PBXProject "LemonadeStandv2" */;
			compatibilityVersion = "Xcode 3.2";
			developmentRegion = English;
			hasScannedForEncodings = 0;
			knownRegions = (
				en,
				Base,
			);
			mainGroup = 97AE49A41A4C6846001E8AD0;
			productRefGroup = 97AE49AE1A4C6846001E8AD0 /* Products */;
			projectDirPath = "";
			projectRoot = "";
			targets = (
				97AE49AC1A4C6846001E8AD0 /* LemonadeStandv2 */,
				97AE49C11A4C6846001E8AD0 /* LemonadeStandv2Tests */,
			);
		};
/* End PBXProject section */

/* Begin PBXResourcesBuildPhase section */
		97AE49AB1A4C6846001E8AD0 /* Resources */ = {
			isa = PBXResourcesBuildPhase;
			buildActionMask = 2147483647;
			files = (
				97AE49B81A4C6846001E8AD0 /* Main.storyboard in Resources */,
				97AE49BD1A4C6846001E8AD0 /* LaunchScreen.xib in Resources */,
				97AE49BA1A4C6846001E8AD0 /* Images.xcassets in Resources */,
			);
			runOnlyForDeploymentPostprocessing = 0;
		};
		97AE49C01A4C6846001E8AD0 /* Resources */ = {
			isa = PBXResourcesBuildPhase;
			buildActionMask = 2147483647;
			files = (
			);
			runOnlyForDeploymentPostprocessing = 0;
		};
/* End PBXResourcesBuildPhase section */

/* Begin PBXSourcesBuildPhase section */
		97AE49A91A4C6846001E8AD0 /* Sources */ = {
			isa = PBXSourcesBuildPhase;
			buildActionMask = 2147483647;
			files = (
				97AE49B51A4C6846001E8AD0 /* ViewController.swift in Sources */,
				97AE49B31A4C6846001E8AD0 /* AppDelegate.swift in Sources */,
			);
			runOnlyForDeploymentPostprocessing = 0;
		};
		97AE49BE1A4C6846001E8AD0 /* Sources */ = {
			isa = PBXSourcesBuildPhase;
			buildActionMask = 2147483647;
			files = (
				97AE49C91A4C6846001E8AD0 /* LemonadeStandv2Tests.swift in Sources */,
			);
			runOnlyForDeploymentPostprocessing = 0;
		};
/* End PBXSourcesBuildPhase section */

/* Begin PBXTargetDependency section */
		97AE49C41A4C6846001E8AD0 /* PBXTargetDependency */ = {
			isa = PBXTargetDependency;
			target = 97AE49AC1A4C6846001E8AD0 /* LemonadeStandv2 */;
			targetProxy = 97AE49C31A4C6846001E8AD0 /* PBXContainerItemProxy */;
		};
/* End PBXTargetDependency section */

/* Begin PBXVariantGroup section */
		97AE49B61A4C6846001E8AD0 /* Main.storyboard */ = {
			isa = PBXVariantGroup;
			children = (
				97AE49B71A4C6846001E8AD0 /* Base */,
			);
			name = Main.storyboard;
			sourceTree = "<group>";
		};
		97AE49BB1A4C6846001E8AD0 /* LaunchScreen.xib */ = {
			isa = PBXVariantGroup;
			children = (
				97AE49BC1A4C6846001E8AD0 /* Base */,
			);
			name = LaunchScreen.xib;
			sourceTree = "<group>";
		};
/* End PBXVariantGroup section */

/* Begin XCBuildConfiguration section */
		97AE49CA1A4C6846001E8AD0 /* Debug */ = {
			isa = XCBuildConfiguration;
			buildSettings = {
				ALWAYS_SEARCH_USER_PATHS = NO;
				CLANG_CXX_LANGUAGE_STANDARD = "gnu++0x";
				CLANG_CXX_LIBRARY = "libc++";
				CLANG_ENABLE_MODULES = YES;
				CLANG_ENABLE_OBJC_ARC = YES;
				CLANG_WARN_BOOL_CONVERSION = YES;
				CLANG_WARN_CONSTANT_CONVERSION = YES;
				CLANG_WARN_DIRECT_OBJC_ISA_USAGE = YES_ERROR;
				CLANG_WARN_EMPTY_BODY = YES;
				CLANG_WARN_ENUM_CONVERSION = YES;
				CLANG_WARN_INT_CONVERSION = YES;
				CLANG_WARN_OBJC_ROOT_CLASS = YES_ERROR;
				CLANG_WARN_UNREACHABLE_CODE = YES;
				CLANG_WARN__DUPLICATE_METHOD_MATCH = YES;
				"CODE_SIGN_IDENTITY[sdk=iphoneos*]" = "iPhone Developer";
				COPY_PHASE_STRIP = NO;
				ENABLE_STRICT_OBJC_MSGSEND = YES;
				GCC_C_LANGUAGE_STANDARD = gnu99;
				GCC_DYNAMIC_NO_PIC = NO;
				GCC_OPTIMIZATION_LEVEL = 0;
				GCC_PREPROCESSOR_DEFINITIONS = (
					"DEBUG=1",
					"$(inherited)",
				);
				GCC_SYMBOLS_PRIVATE_EXTERN = NO;
				GCC_WARN_64_TO_32_BIT_CONVERSION = YES;
				GCC_WARN_ABOUT_RETURN_TYPE = YES_ERROR;
				GCC_WARN_UNDECLARED_SELECTOR = YES;
				GCC_WARN_UNINITIALIZED_AUTOS = YES_AGGRESSIVE;
				GCC_WARN_UNUSED_FUNCTION = YES;
				GCC_WARN_UNUSED_VARIABLE = YES;
				IPHONEOS_DEPLOYMENT_TARGET = 8.1;
				MTL_ENABLE_DEBUG_INFO = YES;
				ONLY_ACTIVE_ARCH = YES;
				SDKROOT = iphoneos;
				SWIFT_OPTIMIZATION_LEVEL = "-Onone";
				TARGETED_DEVICE_FAMILY = "1,2";
			};
			name = Debug;
		};
		97AE49CB1A4C6846001E8AD0 /* Release */ = {
			isa = XCBuildConfiguration;
			buildSettings = {
				ALWAYS_SEARCH_USER_PATHS = NO;
				CLANG_CXX_LANGUAGE_STANDARD = "gnu++0x";
				CLANG_CXX_LIBRARY = "libc++";
				CLANG_ENABLE_MODULES = YES;
				CLANG_ENABLE_OBJC_ARC = YES;
				CLANG_WARN_BOOL_CONVERSION = YES;
				CLANG_WARN_CONSTANT_CONVERSION = YES;
				CLANG_WARN_DIRECT_OBJC_ISA_USAGE = YES_ERROR;
				CLANG_WARN_EMPTY_BODY = YES;
				CLANG_WARN_ENUM_CONVERSION = YES;
				CLANG_WARN_INT_CONVERSION = YES;
				CLANG_WARN_OBJC_ROOT_CLASS = YES_ERROR;
				CLANG_WARN_UNREACHABLE_CODE = YES;
				CLANG_WARN__DUPLICATE_METHOD_MATCH = YES;
				"CODE_SIGN_IDENTITY[sdk=iphoneos*]" = "iPhone Developer";
				COPY_PHASE_STRIP = YES;
				ENABLE_NS_ASSERTIONS = NO;
				ENABLE_STRICT_OBJC_MSGSEND = YES;
				GCC_C_LANGUAGE_STANDARD = gnu99;
				GCC_WARN_64_TO_32_BIT_CONVERSION = YES;
				GCC_WARN_ABOUT_RETURN_TYPE = YES_ERROR;
				GCC_WARN_UNDECLARED_SELECTOR = YES;
				GCC_WARN_UNINITIALIZED_AUTOS = YES_AGGRESSIVE;
				GCC_WARN_UNUSED_FUNCTION = YES;
				GCC_WARN_UNUSED_VARIABLE = YES;
				IPHONEOS_DEPLOYMENT_TARGET = 8.1;
				MTL_ENABLE_DEBUG_INFO = NO;
				SDKROOT = iphoneos;
				TARGETED_DEVICE_FAMILY = "1,2";
				VALIDATE_PRODUCT = YES;
			};
			name = Release;
		};
		97AE49CD1A4C6846001E8AD0 /* Debug */ = {
			isa = XCBuildConfiguration;
			buildSettings = {
				ASSETCATALOG_COMPILER_APPICON_NAME = AppIcon;
				INFOPLIST_FILE = LemonadeStandv2/Info.plist;
				LD_RUNPATH_SEARCH_PATHS = "$(inherited) @executable_path/Frameworks";
				PRODUCT_NAME = "$(TARGET_NAME)";
			};
			name = Debug;
		};
		97AE49CE1A4C6846001E8AD0 /* Release */ = {
			isa = XCBuildConfiguration;
			buildSettings = {
				ASSETCATALOG_COMPILER_APPICON_NAME = AppIcon;
				INFOPLIST_FILE = LemonadeStandv2/Info.plist;
				LD_RUNPATH_SEARCH_PATHS = "$(inherited) @executable_path/Frameworks";
				PRODUCT_NAME = "$(TARGET_NAME)";
			};
			name = Release;
		};
		97AE49D01A4C6846001E8AD0 /* Debug */ = {
			isa = XCBuildConfiguration;
			buildSettings = {
				BUNDLE_LOADER = "$(TEST_HOST)";
				FRAMEWORK_SEARCH_PATHS = (
					"$(SDKROOT)/Developer/Library/Frameworks",
					"$(inherited)",
				);
				GCC_PREPROCESSOR_DEFINITIONS = (
					"DEBUG=1",
					"$(inherited)",
				);
				INFOPLIST_FILE = LemonadeStandv2Tests/Info.plist;
				LD_RUNPATH_SEARCH_PATHS = "$(inherited) @executable_path/Frameworks @loader_path/Frameworks";
				PRODUCT_NAME = "$(TARGET_NAME)";
				TEST_HOST = "$(BUILT_PRODUCTS_DIR)/LemonadeStandv2.app/LemonadeStandv2";
			};
			name = Debug;
		};
		97AE49D11A4C6846001E8AD0 /* Release */ = {
			isa = XCBuildConfiguration;
			buildSettings = {
				BUNDLE_LOADER = "$(TEST_HOST)";
				FRAMEWORK_SEARCH_PATHS = (
					"$(SDKROOT)/Developer/Library/Frameworks",
					"$(inherited)",
				);
				INFOPLIST_FILE = LemonadeStandv2Tests/Info.plist;
				LD_RUNPATH_SEARCH_PATHS = "$(inherited) @executable_path/Frameworks @loader_path/Frameworks";
				PRODUCT_NAME = "$(TARGET_NAME)";
				TEST_HOST = "$(BUILT_PRODUCTS_DIR)/LemonadeStandv2.app/LemonadeStandv2";
			};
			name = Release;
		};
/* End XCBuildConfiguration section */

/* Begin XCConfigurationList section */
		97AE49A81A4C6846001E8AD0 /* Build configuration list for PBXProject "LemonadeStandv2" */ = {
			isa = XCConfigurationList;
			buildConfigurations = (
				97AE49CA1A4C6846001E8AD0 /* Debug */,
				97AE49CB1A4C6846001E8AD0 /* Release */,
			);
			defaultConfigurationIsVisible = 0;
			defaultConfigurationName = Release;
		};
		97AE49CC1A4C6846001E8AD0 /* Build configuration list for PBXNativeTarget "LemonadeStandv2" */ = {
			isa = XCConfigurationList;
			buildConfigurations = (
				97AE49CD1A4C6846001E8AD0 /* Debug */,
				97AE49CE1A4C6846001E8AD0 /* Release */,
			);
			defaultConfigurationIsVisible = 0;
		};
		97AE49CF1A4C6846001E8AD0 /* Build configuration list for PBXNativeTarget "LemonadeStandv2Tests" */ = {
			isa = XCConfigurationList;
			buildConfigurations = (
				97AE49D01A4C6846001E8AD0 /* Debug */,
				97AE49D11A4C6846001E8AD0 /* Release */,
			);
			defaultConfigurationIsVisible = 0;
		};
/* End XCConfigurationList section */
	};
	rootObject = 97AE49A51A4C6846001E8AD0 /* Project object */;
}
